
Microsoft Visual Studio Solution File, Format Version 12.00
# Visual Studio Version 16
VisualStudioVersion = 16.0.29306.81
MinimumVisualStudioVersion = 10.0.40219.1
Project("{FAE04EC0-301F-11D3-BF4B-00C04F79EFBC}") = "Lab04Task03", "Lab04Task03\Lab04Task03.csproj", "{80F7C4E3-C7D2-436C-9EDE-0BEB861D6220}"
EndProject
Global
	GlobalSection(SolutionConfigurationPlatforms) = preSolution
		Debug|Any CPU = Debug|Any CPU
		Release|Any CPU = Release|Any CPU
	EndGlobalSection
	GlobalSection(ProjectConfigurationPlatforms) = postSolution
		{80F7C4E3-C7D2-436C-9EDE-0BEB861D6220}.Debug|Any CPU.ActiveCfg = Debug|Any CPU
		{80F7C4E3-C7D2-436C-9EDE-0BEB861D6220}.Debug|Any CPU.Build.0 = Debug|Any CPU
		{80F7C4E3-C7D2-436C-9EDE-0BEB861D6220}.Release|Any CPU.ActiveCfg = Release|Any CPU
		{80F7C4E3-C7D2-436C-9EDE-0BEB861D6220}.Release|Any CPU.Build.0 = Release|Any CPU
	EndGlobalSection
	GlobalSection(SolutionProperties) = preSolution
		HideSolutionNode = FALSE
	EndGlobalSection
	GlobalSection(ExtensibilityGlobals) = postSolution
		SolutionGuid = {9E23985B-36CB-4129-9B30-8A90E570953F}
	EndGlobalSection
EndGlobal
